# THIS IS AN AUTOGENERATED FILE. DO NOT EDIT THIS FILE DIRECTLY.
# yarn lockfile v1


assign-deep@^0.4.6:
  version "0.4.6"
  resolved "https://registry.yarnpkg.com/assign-deep/-/assign-deep-0.4.6.tgz#2192a989354843093a03eff941c9473a9bc58a1d"
  dependencies:
    assign-symbols "^0.1.1"
    is-primitive "^2.0.0"
    kind-of "^5.0.2"

assign-symbols@^0.1.1:
  version "0.1.1"
  resolved "https://registry.yarnpkg.com/assign-symbols/-/assign-symbols-0.1.1.tgz#cb025944ef4ec8a3693f086e9e112c74e3a0fed9"

is-primitive@^2.0.0:
  version "2.0.0"
  resolved "https://registry.yarnpkg.com/is-primitive/-/is-primitive-2.0.0.tgz#207bab91638499c07b2adf240a41a87210034575"

kind-of@^5.0.2:
  version "5.1.0"
  resolved "https://registry.yarnpkg.com/kind-of/-/kind-of-5.1.0.tgz#729c91e2d857b7a419a1f9aa65685c4c33f5845d"

typescript@^2.6.2:
  version "2.6.2"
  resolved "https://registry.yarnpkg.com/typescript/-/typescript-2.6.2.tgz#3c5b6fd7f6de0914269027f03c0946758f7673a4"
